// !$*UTF8*$!
{
	archiveVersion = 1;
	classes = {
	};
	objectVersion = 55;
	objects = {

/* Begin PBXBuildFile section */
		73303865284DCDE2004E7FF0 /* SwiftUICustomTextFieldApp.swift in Sources */ = {isa = PBXBuildFile; fileRef = 73303864284DCDE2004E7FF0 /* SwiftUICustomTextFieldApp.swift */; };
		73303867284DCDE2004E7FF0 /* ContentView.swift in Sources */ = {isa = PBXBuildFile; fileRef = 73303866284DCDE2004E7FF0 /* ContentView.swift */; };
		73303869284DCDE4004E7FF0 /* Assets.xcassets in Resources */ = {isa = PBXBuildFile; fileRef = 73303868284DCDE4004E7FF0 /* Assets.xcassets */; };
		7330386C284DCDE4004E7FF0 /* Preview Assets.xcassets in Resources */ = {isa = PBXBuildFile; fileRef = 7330386B284DCDE4004E7FF0 /* Preview Assets.xcassets */; };
		73303876284DCDE5004E7FF0 /* SwiftUICustomTextFieldTests.swift in Sources */ = {isa = PBXBuildFile; fileRef = 73303875284DCDE5004E7FF0 /* SwiftUICustomTextFieldTests.swift */; };
		73303880284DCDE5004E7FF0 /* SwiftUICustomTextFieldUITests.swift in Sources */ = {isa = PBXBuildFile; fileRef = 7330387F284DCDE5004E7FF0 /* SwiftUICustomTextFieldUITests.swift */; };
		73303882284DCDE5004E7FF0 /* SwiftUICustomTextFieldUITestsLaunchTests.swift in Sources */ = {isa = PBXBuildFile; fileRef = 73303881284DCDE5004E7FF0 /* SwiftUICustomTextFieldUITestsLaunchTests.swift */; };
		73587A0E2856BF3900D57456 /* CustomTextField.swift in Sources */ = {isa = PBXBuildFile; fileRef = 73587A0D2856BF3900D57456 /* CustomTextField.swift */; };
/* End PBXBuildFile section */

/* Begin PBXContainerItemProxy section */
		73303872284DCDE5004E7FF0 /* PBXContainerItemProxy */ = {
			isa = PBXContainerItemProxy;
			containerPortal = 73303859284DCDE2004E7FF0 /* Project object */;
			proxyType = 1;
			remoteGlobalIDString = 73303860284DCDE2004E7FF0;
			remoteInfo = SwiftUICustomTextField;
		};
		7330387C284DCDE5004E7FF0 /* PBXContainerItemProxy */ = {
			isa = PBXContainerItemProxy;
			containerPortal = 73303859284DCDE2004E7FF0 /* Project object */;
			proxyType = 1;
			remoteGlobalIDString = 73303860284DCDE2004E7FF0;
			remoteInfo = SwiftUICustomTextField;
		};
/* End PBXContainerItemProxy section */

/* Begin PBXFileReference section */
		73303861284DCDE2004E7FF0 /* SwiftUICustomTextField.app */ = {isa = PBXFileReference; explicitFileType = wrapper.application; includeInIndex = 0; path = SwiftUICustomTextField.app; sourceTree = BUILT_PRODUCTS_DIR; };
		73303864284DCDE2004E7FF0 /* SwiftUICustomTextFieldApp.swift */ = {isa = PBXFileReference; lastKnownFileType = sourcecode.swift; path = SwiftUICustomTextFieldApp.swift; sourceTree = "<group>"; };
		73303866284DCDE2004E7FF0 /* ContentView.swift */ = {isa = PBXFileReference; lastKnownFileType = sourcecode.swift; path = ContentView.swift; sourceTree = "<group>"; };
		73303868284DCDE4004E7FF0 /* Assets.xcassets */ = {isa = PBXFileReference; lastKnownFileType = folder.assetcatalog; path = Assets.xcassets; sourceTree = "<group>"; };
		7330386B284DCDE4004E7FF0 /* Preview Assets.xcassets */ = {isa = PBXFileReference; lastKnownFileType = folder.assetcatalog; path = "Preview Assets.xcassets"; sourceTree = "<group>"; };
		73303871284DCDE5004E7FF0 /* SwiftUICustomTextFieldTests.xctest */ = {isa = PBXFileReference; explicitFileType = wrapper.cfbundle; includeInIndex = 0; path = SwiftUICustomTextFieldTests.xctest; sourceTree = BUILT_PRODUCTS_DIR; };
		73303875284DCDE5004E7FF0 /* SwiftUICustomTextFieldTests.swift */ = {isa = PBXFileReference; lastKnownFileType = sourcecode.swift; path = SwiftUICustomTextFieldTests.swift; sourceTree = "<group>"; };
		7330387B284DCDE5004E7FF0 /* SwiftUICustomTextFieldUITests.xctest */ = {isa = PBXFileReference; explicitFileType = wrapper.cfbundle; includeInIndex = 0; path = SwiftUICustomTextFieldUITests.xctest; sourceTree = BUILT_PRODUCTS_DIR; };
		7330387F284DCDE5004E7FF0 /* SwiftUICustomTextFieldUITests.swift */ = {isa = PBXFileReference; lastKnownFileType = sourcecode.swift; path = SwiftUICustomTextFieldUITests.swift; sourceTree = "<group>"; };
		73303881284DCDE5004E7FF0 /* SwiftUICustomTextFieldUITestsLaunchTests.swift */ = {isa = PBXFileReference; lastKnownFileType = sourcecode.swift; path = SwiftUICustomTextFieldUITestsLaunchTests.swift; sourceTree = "<group>"; };
		73587A0D2856BF3900D57456 /* CustomTextField.swift */ = {isa = PBXFileReference; lastKnownFileType = sourcecode.swift; path = CustomTextField.swift; sourceTree = "<group>"; };
/* End PBXFileReference section */

/* Begin PBXFrameworksBuildPhase section */
		7330385E284DCDE2004E7FF0 /* Frameworks */ = {
			isa = PBXFrameworksBuildPhase;
			buildActionMask = 2147483647;
			files = (
			);
			runOnlyForDeploymentPostprocessing = 0;
		};
		7330386E284DCDE5004E7FF0 /* Frameworks */ = {
			isa = PBXFrameworksBuildPhase;
			buildActionMask = 2147483647;
			files = (
			);
			runOnlyForDeploymentPostprocessing = 0;
		};
		73303878284DCDE5004E7FF0 /* Frameworks */ = {
			isa = PBXFrameworksBuildPhase;
			buildActionMask = 2147483647;
			files = (
			);
			runOnlyForDeploymentPostprocessing = 0;
		};
/* End PBXFrameworksBuildPhase section */

/* Begin PBXGroup section */
		73303858284DCDE2004E7FF0 = {
			isa = PBXGroup;
			children = (
				73303863284DCDE2004E7FF0 /* SwiftUICustomTextField */,
				73303874284DCDE5004E7FF0 /* SwiftUICustomTextFieldTests */,
				7330387E284DCDE5004E7FF0 /* SwiftUICustomTextFieldUITests */,
				73303862284DCDE2004E7FF0 /* Products */,
			);
			sourceTree = "<group>";
		};
		73303862284DCDE2004E7FF0 /* Products */ = {
			isa = PBXGroup;
			children = (
				73303861284DCDE2004E7FF0 /* SwiftUICustomTextField.app */,
				73303871284DCDE5004E7FF0 /* SwiftUICustomTextFieldTests.xctest */,
				7330387B284DCDE5004E7FF0 /* SwiftUICustomTextFieldUITests.xctest */,
			);
			name = Products;
			sourceTree = "<group>";
		};
		73303863284DCDE2004E7FF0 /* SwiftUICustomTextField */ = {
			isa = PBXGroup;
			children = (
				73303864284DCDE2004E7FF0 /* SwiftUICustomTextFieldApp.swift */,
				73303866284DCDE2004E7FF0 /* ContentView.swift */,
				73587A0D2856BF3900D57456 /* CustomTextField.swift */,
				73303868284DCDE4004E7FF0 /* Assets.xcassets */,
				7330386A284DCDE4004E7FF0 /* Preview Content */,
			);
			path = SwiftUICustomTextField;
			sourceTree = "<group>";
		};
		7330386A284DCDE4004E7FF0 /* Preview Content */ = {
			isa = PBXGroup;
			children = (
				7330386B284DCDE4004E7FF0 /* Preview Assets.xcassets */,
			);
			path = "Preview Content";
			sourceTree = "<group>";
		};
		73303874284DCDE5004E7FF0 /* SwiftUICustomTextFieldTests */ = {
			isa = PBXGroup;
			children = (
				73303875284DCDE5004E7FF0 /* SwiftUICustomTextFieldTests.swift */,
			);
			path = SwiftUICustomTextFieldTests;
			sourceTree = "<group>";
		};
		7330387E284DCDE5004E7FF0 /* SwiftUICustomTextFieldUITests */ = {
			isa = PBXGroup;
			children = (
				7330387F284DCDE5004E7FF0 /* SwiftUICustomTextFieldUITests.swift */,
				73303881284DCDE5004E7FF0 /* SwiftUICustomTextFieldUITestsLaunchTests.swift */,
			);
			path = SwiftUICustomTextFieldUITests;
			sourceTree = "<group>";
		};
/* End PBXGroup section */

/* Begin PBXNativeTarget section */
		73303860284DCDE2004E7FF0 /* SwiftUICustomTextField */ = {
			isa = PBXNativeTarget;
			buildConfigurationList = 73303885284DCDE5004E7FF0 /* Build configuration list for PBXNativeTarget "SwiftUICustomTextField" */;
			buildPhases = (
				7330385D284DCDE2004E7FF0 /* Sources */,
				7330385E284DCDE2004E7FF0 /* Frameworks */,
				7330385F284DCDE2004E7FF0 /* Resources */,
			);
			buildRules = (
			);
			dependencies = (
			);
			name = SwiftUICustomTextField;
			productName = SwiftUICustomTextField;
			productReference = 73303861284DCDE2004E7FF0 /* SwiftUICustomTextField.app */;
			productType = "com.apple.product-type.application";
		};
		73303870284DCDE5004E7FF0 /* SwiftUICustomTextFieldTests */ = {
			isa = PBXNativeTarget;
			buildConfigurationList = 73303888284DCDE5004E7FF0 /* Build configuration list for PBXNativeTarget "SwiftUICustomTextFieldTests" */;
			buildPhases = (
				7330386D284DCDE5004E7FF0 /* Sources */,
				7330386E284DCDE5004E7FF0 /* Frameworks */,
				7330386F284DCDE5004E7FF0 /* Resources */,
			);
			buildRules = (
			);
			dependencies = (
				73303873284DCDE5004E7FF0 /* PBXTargetDependency */,
			);
			name = SwiftUICustomTextFieldTests;
			productName = SwiftUICustomTextFieldTests;
			productReference = 73303871284DCDE5004E7FF0 /* SwiftUICustomTextFieldTests.xctest */;
			productType = "com.apple.product-type.bundle.unit-test";
		};
		7330387A284DCDE5004E7FF0 /* SwiftUICustomTextFieldUITests */ = {
			isa = PBXNativeTarget;
			buildConfigurationList = 7330388B284DCDE5004E7FF0 /* Build configuration list for PBXNativeTarget "SwiftUICustomTextFieldUITests" */;
			buildPhases = (
				73303877284DCDE5004E7FF0 /* Sources */,
				73303878284DCDE5004E7FF0 /* Frameworks */,
				73303879284DCDE5004E7FF0 /* Resources */,
			);
			buildRules = (
			);
			dependencies = (
				7330387D284DCDE5004E7FF0 /* PBXTargetDependency */,
			);
			name = SwiftUICustomTextFieldUITests;
			productName = SwiftUICustomTextFieldUITests;
			productReference = 7330387B284DCDE5004E7FF0 /* SwiftUICustomTextFieldUITests.xctest */;
			productType = "com.apple.product-type.bundle.ui-testing";
		};
/* End PBXNativeTarget section */

/* Begin PBXProject section */
		73303859284DCDE2004E7FF0 /* Project object */ = {
			isa = PBXProject;
			attributes = {
				BuildIndependentTargetsInParallel = 1;
				LastSwiftUpdateCheck = 1320;
				LastUpgradeCheck = 1320;
				TargetAttributes = {
					73303860284DCDE2004E7FF0 = {
						CreatedOnToolsVersion = 13.2.1;
					};
					73303870284DCDE5004E7FF0 = {
						CreatedOnToolsVersion = 13.2.1;
						TestTargetID = 73303860284DCDE2004E7FF0;
					};
					7330387A284DCDE5004E7FF0 = {
						CreatedOnToolsVersion = 13.2.1;
						TestTargetID = 73303860284DCDE2004E7FF0;
					};
				};
			};
			buildConfigurationList = 7330385C284DCDE2004E7FF0 /* Build configuration list for PBXProject "SwiftUICustomTextField" */;
			compatibilityVersion = "Xcode 13.0";
			developmentRegion = en;
			hasScannedForEncodings = 0;
			knownRegions = (
				en,
				Base,
			);
			mainGroup = 73303858284DCDE2004E7FF0;
			productRefGroup = 73303862284DCDE2004E7FF0 /* Products */;
			projectDirPath = "";
			projectRoot = "";
			targets = (
				73303860284DCDE2004E7FF0 /* SwiftUICustomTextField */,
				73303870284DCDE5004E7FF0 /* SwiftUICustomTextFieldTests */,
				7330387A284DCDE5004E7FF0 /* SwiftUICustomTextFieldUITests */,
			);
		};
/* End PBXProject section */

/* Begin PBXResourcesBuildPhase section */
		7330385F284DCDE2004E7FF0 /* Resources */ = {
			isa = PBXResourcesBuildPhase;
			buildActionMask = 2147483647;
			files = (
				7330386C284DCDE4004E7FF0 /* Preview Assets.xcassets in Resources */,
				73303869284DCDE4004E7FF0 /* Assets.xcassets in Resources */,
			);
			runOnlyForDeploymentPostprocessing = 0;
		};
		7330386F284DCDE5004E7FF0 /* Resources */ = {
			isa = PBXResourcesBuildPhase;
			buildActionMask = 2147483647;
			files = (
			);
			runOnlyForDeploymentPostprocessing = 0;
		};
		73303879284DCDE5004E7FF0 /* Resources */ = {
			isa = PBXResourcesBuildPhase;
			buildActionMask = 2147483647;
			files = (
			);
			runOnlyForDeploymentPostprocessing = 0;
		};
/* End PBXResourcesBuildPhase section */

/* Begin PBXSourcesBuildPhase section */
		7330385D284DCDE2004E7FF0 /* Sources */ = {
			isa = PBXSourcesBuildPhase;
			buildActionMask = 2147483647;
			files = (
				73303867284DCDE2004E7FF0 /* ContentView.swift in Sources */,
				73303865284DCDE2004E7FF0 /* SwiftUICustomTextFieldApp.swift in Sources */,
				73587A0E2856BF3900D57456 /* CustomTextField.swift in Sources */,
			);
			runOnlyForDeploymentPostprocessing = 0;
		};
		7330386D284DCDE5004E7FF0 /* Sources */ = {
			isa = PBXSourcesBuildPhase;
			buildActionMask = 2147483647;
			files = (
				73303876284DCDE5004E7FF0 /* SwiftUICustomTextFieldTests.swift in Sources */,
			);
			runOnlyForDeploymentPostprocessing = 0;
		};
		73303877284DCDE5004E7FF0 /* Sources */ = {
			isa = PBXSourcesBuildPhase;
			buildActionMask = 2147483647;
			files = (
				73303880284DCDE5004E7FF0 /* SwiftUICustomTextFieldUITests.swift in Sources */,
				73303882284DCDE5004E7FF0 /* SwiftUICustomTextFieldUITestsLaunchTests.swift in Sources */,
			);
			runOnlyForDeploymentPostprocessing = 0;
		};
/* End PBXSourcesBuildPhase section */

/* Begin PBXTargetDependency section */
		73303873284DCDE5004E7FF0 /* PBXTargetDependency */ = {
			isa = PBXTargetDependency;
			target = 73303860284DCDE2004E7FF0 /* SwiftUICustomTextField */;
			targetProxy = 73303872284DCDE5004E7FF0 /* PBXContainerItemProxy */;
		};
		7330387D284DCDE5004E7FF0 /* PBXTargetDependency */ = {
			isa = PBXTargetDependency;
			target = 73303860284DCDE2004E7FF0 /* SwiftUICustomTextField */;
			targetProxy = 7330387C284DCDE5004E7FF0 /* PBXContainerItemProxy */;
		};
/* End PBXTargetDependency section */

/* Begin XCBuildConfiguration section */
		73303883284DCDE5004E7FF0 /* Debug */ = {
			isa = XCBuildConfiguration;
			buildSettings = {
				ALWAYS_SEARCH_USER_PATHS = NO;
				CLANG_ANALYZER_NONNULL = YES;
				CLANG_ANALYZER_NUMBER_OBJECT_CONVERSION = YES_AGGRESSIVE;
				CLANG_CXX_LANGUAGE_STANDARD = "gnu++17";
				CLANG_CXX_LIBRARY = "libc++";
				CLANG_ENABLE_MODULES = YES;
				CLANG_ENABLE_OBJC_ARC = YES;
				CLANG_ENABLE_OBJC_WEAK = YES;
				CLANG_WARN_BLOCK_CAPTURE_AUTORELEASING = YES;
				CLANG_WARN_BOOL_CONVERSION = YES;
				CLANG_WARN_COMMA = YES;
				CLANG_WARN_CONSTANT_CONVERSION = YES;
				CLANG_WARN_DEPRECATED_OBJC_IMPLEMENTATIONS = YES;
				CLANG_WARN_DIRECT_OBJC_ISA_USAGE = YES_ERROR;
				CLANG_WARN_DOCUMENTATION_COMMENTS = YES;
				CLANG_WARN_EMPTY_BODY = YES;
				CLANG_WARN_ENUM_CONVERSION = YES;
				CLANG_WARN_INFINITE_RECURSION = YES;
				CLANG_WARN_INT_CONVERSION = YES;
				CLANG_WARN_NON_LITERAL_NULL_CONVERSION = YES;
				CLANG_WARN_OBJC_IMPLICIT_RETAIN_SELF = YES;
				CLANG_WARN_OBJC_LITERAL_CONVERSION = YES;
				CLANG_WARN_OBJC_ROOT_CLASS = YES_ERROR;
				CLANG_WARN_QUOTED_INCLUDE_IN_FRAMEWORK_HEADER = YES;
				CLANG_WARN_RANGE_LOOP_ANALYSIS = YES;
				CLANG_WARN_STRICT_PROTOTYPES = YES;
				CLANG_WARN_SUSPICIOUS_MOVE = YES;
				CLANG_WARN_UNGUARDED_AVAILABILITY = YES_AGGRESSIVE;
				CLANG_WARN_UNREACHABLE_CODE = YES;
				CLANG_WARN__DUPLICATE_METHOD_MATCH = YES;
				COPY_PHASE_STRIP = NO;
				DEBUG_INFORMATION_FORMAT = dwarf;
				ENABLE_STRICT_OBJC_MSGSEND = YES;
				ENABLE_TESTABILITY = YES;
				GCC_C_LANGUAGE_STANDARD = gnu11;
				GCC_DYNAMIC_NO_PIC = NO;
				GCC_NO_COMMON_BLOCKS = YES;
				GCC_OPTIMIZATION_LEVEL = 0;
				GCC_PREPROCESSOR_DEFINITIONS = (
					"DEBUG=1",
					"$(inherited)",
				);
				GCC_WARN_64_TO_32_BIT_CONVERSION = YES;
				GCC_WARN_ABOUT_RETURN_TYPE = YES_ERROR;
				GCC_WARN_UNDECLARED_SELECTOR = YES;
				GCC_WARN_UNINITIALIZED_AUTOS = YES_AGGRESSIVE;
				GCC_WARN_UNUSED_FUNCTION = YES;
				GCC_WARN_UNUSED_VARIABLE = YES;
				IPHONEOS_DEPLOYMENT_TARGET = 15.2;
				MTL_ENABLE_DEBUG_INFO = INCLUDE_SOURCE;
				MTL_FAST_MATH = YES;
				ONLY_ACTIVE_ARCH = YES;
				SDKROOT = iphoneos;
				SWIFT_ACTIVE_COMPILATION_CONDITIONS = DEBUG;
				SWIFT_OPTIMIZATION_LEVEL = "-Onone";
			};
			name = Debug;
		};
		73303884284DCDE5004E7FF0 /* Release */ = {
			isa = XCBuildConfiguration;
			buildSettings = {
				ALWAYS_SEARCH_USER_PATHS = NO;
				CLANG_ANALYZER_NONNULL = YES;
				CLANG_ANALYZER_NUMBER_OBJECT_CONVERSION = YES_AGGRESSIVE;
				CLANG_CXX_LANGUAGE_STANDARD = "gnu++17";
				CLANG_CXX_LIBRARY = "libc++";
				CLANG_ENABLE_MODULES = YES;
				CLANG_ENABLE_OBJC_ARC = YES;
				CLANG_ENABLE_OBJC_WEAK = YES;
				CLANG_WARN_BLOCK_CAPTURE_AUTORELEASING = YES;
				CLANG_WARN_BOOL_CONVERSION = YES;
				CLANG_WARN_COMMA = YES;
				CLANG_WARN_CONSTANT_CONVERSION = YES;
				CLANG_WARN_DEPRECATED_OBJC_IMPLEMENTATIONS = YES;
				CLANG_WARN_DIRECT_OBJC_ISA_USAGE = YES_ERROR;
				CLANG_WARN_DOCUMENTATION_COMMENTS = YES;
				CLANG_WARN_EMPTY_BODY = YES;
				CLANG_WARN_ENUM_CONVERSION = YES;
				CLANG_WARN_INFINITE_RECURSION = YES;
				CLANG_WARN_INT_CONVERSION = YES;
				CLANG_WARN_NON_LITERAL_NULL_CONVERSION = YES;
				CLANG_WARN_OBJC_IMPLICIT_RETAIN_SELF = YES;
				CLANG_WARN_OBJC_LITERAL_CONVERSION = YES;
				CLANG_WARN_OBJC_ROOT_CLASS = YES_ERROR;
				CLANG_WARN_QUOTED_INCLUDE_IN_FRAMEWORK_HEADER = YES;
				CLANG_WARN_RANGE_LOOP_ANALYSIS = YES;
				CLANG_WARN_STRICT_PROTOTYPES = YES;
				CLANG_WARN_SUSPICIOUS_MOVE = YES;
				CLANG_WARN_UNGUARDED_AVAILABILITY = YES_AGGRESSIVE;
				CLANG_WARN_UNREACHABLE_CODE = YES;
				CLANG_WARN__DUPLICATE_METHOD_MATCH = YES;
				COPY_PHASE_STRIP = NO;
				DEBUG_INFORMATION_FORMAT = "dwarf-with-dsym";
				ENABLE_NS_ASSERTIONS = NO;
				ENABLE_STRICT_OBJC_MSGSEND = YES;
				GCC_C_LANGUAGE_STANDARD = gnu11;
				GCC_NO_COMMON_BLOCKS = YES;
				GCC_WARN_64_TO_32_BIT_CONVERSION = YES;
				GCC_WARN_ABOUT_RETURN_TYPE = YES_ERROR;
				GCC_WARN_UNDECLARED_SELECTOR = YES;
				GCC_WARN_UNINITIALIZED_AUTOS = YES_AGGRESSIVE;
				GCC_WARN_UNUSED_FUNCTION = YES;
				GCC_WARN_UNUSED_VARIABLE = YES;
				IPHONEOS_DEPLOYMENT_TARGET = 15.2;
				MTL_ENABLE_DEBUG_INFO = NO;
				MTL_FAST_MATH = YES;
				SDKROOT = iphoneos;
				SWIFT_COMPILATION_MODE = wholemodule;
				SWIFT_OPTIMIZATION_LEVEL = "-O";
				VALIDATE_PRODUCT = YES;
			};
			name = Release;
		};
		73303886284DCDE5004E7FF0 /* Debug */ = {
			isa = XCBuildConfiguration;
			buildSettings = {
				ASSETCATALOG_COMPILER_APPICON_NAME = AppIcon;
				ASSETCATALOG_COMPILER_GLOBAL_ACCENT_COLOR_NAME = AccentColor;
				CODE_SIGN_STYLE = Automatic;
				CURRENT_PROJECT_VERSION = 1;
				DEVELOPMENT_ASSET_PATHS = "\"SwiftUICustomTextField/Preview Content\"";
				ENABLE_PREVIEWS = YES;
				GENERATE_INFOPLIST_FILE = YES;
				INFOPLIST_KEY_UIApplicationSceneManifest_Generation = YES;
				INFOPLIST_KEY_UIApplicationSupportsIndirectInputEvents = YES;
				INFOPLIST_KEY_UILaunchScreen_Generation = YES;
				INFOPLIST_KEY_UISupportedInterfaceOrientations_iPad = "UIInterfaceOrientationPortrait UIInterfaceOrientationPortraitUpsideDown UIInterfaceOrientationLandscapeLeft UIInterfaceOrientationLandscapeRight";
				INFOPLIST_KEY_UISupportedInterfaceOrientations_iPhone = "UIInterfaceOrientationPortrait UIInterfaceOrientationLandscapeLeft UIInterfaceOrientationLandscapeRight";
				LD_RUNPATH_SEARCH_PATHS = (
					"$(inherited)",
					"@executable_path/Frameworks",
				);
				MARKETING_VERSION = 1.0;
				PRODUCT_BUNDLE_IDENTIFIER = com.soonin.edu.SwiftUICustomTextField;
				PRODUCT_NAME = "$(TARGET_NAME)";
				SWIFT_EMIT_LOC_STRINGS = YES;
				SWIFT_VERSION = 5.0;
				TARGETED_DEVICE_FAMILY = "1,2";
			};
			name = Debug;
		};
		73303887284DCDE5004E7FF0 /* Release */ = {
			isa = XCBuildConfiguration;
			buildSettings = {
				ASSETCATALOG_COMPILER_APPICON_NAME = AppIcon;
				ASSETCATALOG_COMPILER_GLOBAL_ACCENT_COLOR_NAME = AccentColor;
				CODE_SIGN_STYLE = Automatic;
				CURRENT_PROJECT_VERSION = 1;
				DEVELOPMENT_ASSET_PATHS = "\"SwiftUICustomTextField/Preview Content\"";
				ENABLE_PREVIEWS = YES;
				GENERATE_INFOPLIST_FILE = YES;
				INFOPLIST_KEY_UIApplicationSceneManifest_Generation = YES;
				INFOPLIST_KEY_UIApplicationSupportsIndirectInputEvents = YES;
				INFOPLIST_KEY_UILaunchScreen_Generation = YES;
				INFOPLIST_KEY_UISupportedInterfaceOrientations_iPad = "UIInterfaceOrientationPortrait UIInterfaceOrientationPortraitUpsideDown UIInterfaceOrientationLandscapeLeft UIInterfaceOrientationLandscapeRight";
				INFOPLIST_KEY_UISupportedInterfaceOrientations_iPhone = "UIInterfaceOrientationPortrait UIInterfaceOrientationLandscapeLeft UIInterfaceOrientationLandscapeRight";
				LD_RUNPATH_SEARCH_PATHS = (
					"$(inherited)",
					"@executable_path/Frameworks",
				);
				MARKETING_VERSION = 1.0;
				PRODUCT_BUNDLE_IDENTIFIER = com.soonin.edu.SwiftUICustomTextField;
				PRODUCT_NAME = "$(TARGET_NAME)";
				SWIFT_EMIT_LOC_STRINGS = YES;
				SWIFT_VERSION = 5.0;
				TARGETED_DEVICE_FAMILY = "1,2";
			};
			name = Release;
		};
		73303889284DCDE5004E7FF0 /* Debug */ = {
			isa = XCBuildConfiguration;
			buildSettings = {
				ALWAYS_EMBED_SWIFT_STANDARD_LIBRARIES = YES;
				BUNDLE_LOADER = "$(TEST_HOST)";
				CODE_SIGN_STYLE = Automatic;
				CURRENT_PROJECT_VERSION = 1;
				GENERATE_INFOPLIST_FILE = YES;
				IPHONEOS_DEPLOYMENT_TARGET = 15.2;
				MARKETING_VERSION = 1.0;
				PRODUCT_BUNDLE_IDENTIFIER = com.soonin.edu.SwiftUICustomTextFieldTests;
				PRODUCT_NAME = "$(TARGET_NAME)";
				SWIFT_EMIT_LOC_STRINGS = NO;
				SWIFT_VERSION = 5.0;
				TARGETED_DEVICE_FAMILY = "1,2";
				TEST_HOST = "$(BUILT_PRODUCTS_DIR)/SwiftUICustomTextField.app/SwiftUICustomTextField";
			};
			name = Debug;
		};
		7330388A284DCDE5004E7FF0 /* Release */ = {
			isa = XCBuildConfiguration;
			buildSettings = {
				ALWAYS_EMBED_SWIFT_STANDARD_LIBRARIES = YES;
				BUNDLE_LOADER = "$(TEST_HOST)";
				CODE_SIGN_STYLE = Automatic;
				CURRENT_PROJECT_VERSION = 1;
				GENERATE_INFOPLIST_FILE = YES;
				IPHONEOS_DEPLOYMENT_TARGET = 15.2;
				MARKETING_VERSION = 1.0;
				PRODUCT_BUNDLE_IDENTIFIER = com.soonin.edu.SwiftUICustomTextFieldTests;
				PRODUCT_NAME = "$(TARGET_NAME)";
				SWIFT_EMIT_LOC_STRINGS = NO;
				SWIFT_VERSION = 5.0;
				TARGETED_DEVICE_FAMILY = "1,2";
				TEST_HOST = "$(BUILT_PRODUCTS_DIR)/SwiftUICustomTextField.app/SwiftUICustomTextField";
			};
			name = Release;
		};
		7330388C284DCDE5004E7FF0 /* Debug */ = {
			isa = XCBuildConfiguration;
			buildSettings = {
				ALWAYS_EMBED_SWIFT_STANDARD_LIBRARIES = YES;
				CODE_SIGN_STYLE = Automatic;
				CURRENT_PROJECT_VERSION = 1;
				GENERATE_INFOPLIST_FILE = YES;
				MARKETING_VERSION = 1.0;
				PRODUCT_BUNDLE_IDENTIFIER = com.soonin.edu.SwiftUICustomTextFieldUITests;
				PRODUCT_NAME = "$(TARGET_NAME)";
				SWIFT_EMIT_LOC_STRINGS = NO;
				SWIFT_VERSION = 5.0;
				TARGETED_DEVICE_FAMILY = "1,2";
				TEST_TARGET_NAME = SwiftUICustomTextField;
			};
			name = Debug;
		};
		7330388D284DCDE5004E7FF0 /* Release */ = {
			isa = XCBuildConfiguration;
			buildSettings = {
				ALWAYS_EMBED_SWIFT_STANDARD_LIBRARIES = YES;
				CODE_SIGN_STYLE = Automatic;
				CURRENT_PROJECT_VERSION = 1;
				GENERATE_INFOPLIST_FILE = YES;
				MARKETING_VERSION = 1.0;
				PRODUCT_BUNDLE_IDENTIFIER = com.soonin.edu.SwiftUICustomTextFieldUITests;
				PRODUCT_NAME = "$(TARGET_NAME)";
				SWIFT_EMIT_LOC_STRINGS = NO;
				SWIFT_VERSION = 5.0;
				TARGETED_DEVICE_FAMILY = "1,2";
				TEST_TARGET_NAME = SwiftUICustomTextField;
			};
			name = Release;
		};
/* End XCBuildConfiguration section */

/* Begin XCConfigurationList section */
		7330385C284DCDE2004E7FF0 /* Build configuration list for PBXProject "SwiftUICustomTextField" */ = {
			isa = XCConfigurationList;
			buildConfigurations = (
				73303883284DCDE5004E7FF0 /* Debug */,
				73303884284DCDE5004E7FF0 /* Release */,
			);
			defaultConfigurationIsVisible = 0;
			defaultConfigurationName = Release;
		};
		73303885284DCDE5004E7FF0 /* Build configuration list for PBXNativeTarget "SwiftUICustomTextField" */ = {
			isa = XCConfigurationList;
			buildConfigurations = (
				73303886284DCDE5004E7FF0 /* Debug */,
				73303887284DCDE5004E7FF0 /* Release */,
			);
			defaultConfigurationIsVisible = 0;
			defaultConfigurationName = Release;
		};
		73303888284DCDE5004E7FF0 /* Build configuration list for PBXNativeTarget "SwiftUICustomTextFieldTests" */ = {
			isa = XCConfigurationList;
			buildConfigurations = (
				73303889284DCDE5004E7FF0 /* Debug */,
				7330388A284DCDE5004E7FF0 /* Release */,
			);
			defaultConfigurationIsVisible = 0;
			defaultConfigurationName = Release;
		};
		7330388B284DCDE5004E7FF0 /* Build configuration list for PBXNativeTarget "SwiftUICustomTextFieldUITests" */ = {
			isa = XCConfigurationList;
			buildConfigurations = (
				7330388C284DCDE5004E7FF0 /* Debug */,
				7330388D284DCDE5004E7FF0 /* Release */,
			);
			defaultConfigurationIsVisible = 0;
			defaultConfigurationName = Release;
		};
/* End XCConfigurationList section */
	};
	rootObject = 73303859284DCDE2004E7FF0 /* Project object */;
}
